
Microsoft Visual Studio Solution File, Format Version 12.00
# Visual Studio Version 17
VisualStudioVersion = 17.10.35027.167
MinimumVisualStudioVersion = 10.0.40219.1
Project("{FAE04EC0-301F-11D3-BF4B-00C04F79EFBC}") = "ts-project-creator", "ts-project-creator.csproj", "{AE686A91-EA7B-45B6-8999-73CEDC681F69}"
EndProject
Global
	GlobalSection(SolutionConfigurationPlatforms) = preSolution
		Debug|Any CPU = Debug|Any CPU
		Release|Any CPU = Release|Any CPU
	EndGlobalSection
	GlobalSection(ProjectConfigurationPlatforms) = postSolution
		{AE686A91-EA7B-45B6-8999-73CEDC681F69}.Debug|Any CPU.ActiveCfg = Debug|Any CPU
		{AE686A91-EA7B-45B6-8999-73CEDC681F69}.Debug|Any CPU.Build.0 = Debug|Any CPU
		{AE686A91-EA7B-45B6-8999-73CEDC681F69}.Release|Any CPU.ActiveCfg = Release|Any CPU
		{AE686A91-EA7B-45B6-8999-73CEDC681F69}.Release|Any CPU.Build.0 = Release|Any CPU
	EndGlobalSection
	GlobalSection(SolutionProperties) = preSolution
		HideSolutionNode = FALSE
	EndGlobalSection
	GlobalSection(ExtensibilityGlobals) = postSolution
		SolutionGuid = {272E2BEC-A296-40BE-AFF5-FF84806F6A86}
	EndGlobalSection
EndGlobal
